// !$*UTF8*$!
{
	archiveVersion = 1;
	classes = {
	};
	objectVersion = 46;
	objects = {

/* Begin PBXBuildFile section */
		EFFADD5B1DB3FEA600621FAB /* AppDelegate.swift in Sources */ = {isa = PBXBuildFile; fileRef = EFFADD5A1DB3FEA600621FAB /* AppDelegate.swift */; };
		EFFADD5D1DB3FEA600621FAB /* ViewController.swift in Sources */ = {isa = PBXBuildFile; fileRef = EFFADD5C1DB3FEA600621FAB /* ViewController.swift */; };
		EFFADD601DB3FEA600621FAB /* Main.storyboard in Resources */ = {isa = PBXBuildFile; fileRef = EFFADD5E1DB3FEA600621FAB /* Main.storyboard */; };
		EFFADD621DB3FEA700621FAB /* Assets.xcassets in Resources */ = {isa = PBXBuildFile; fileRef = EFFADD611DB3FEA700621FAB /* Assets.xcassets */; };
		EFFADD651DB3FEA700621FAB /* LaunchScreen.storyboard in Resources */ = {isa = PBXBuildFile; fileRef = EFFADD631DB3FEA700621FAB /* LaunchScreen.storyboard */; };
		EFFADD6D1DB4048500621FAB /* pokemon.csv in Resources */ = {isa = PBXBuildFile; fileRef = EFFADD6C1DB4048500621FAB /* pokemon.csv */; };
/* End PBXBuildFile section */

/* Begin PBXFileReference section */
		EFFADD571DB3FEA600621FAB /* pokedex3.app */ = {isa = PBXFileReference; explicitFileType = wrapper.application; includeInIndex = 0; path = pokedex3.app; sourceTree = BUILT_PRODUCTS_DIR; };
		EFFADD5A1DB3FEA600621FAB /* AppDelegate.swift */ = {isa = PBXFileReference; lastKnownFileType = sourcecode.swift; path = AppDelegate.swift; sourceTree = "<group>"; };
		EFFADD5C1DB3FEA600621FAB /* ViewController.swift */ = {isa = PBXFileReference; lastKnownFileType = sourcecode.swift; path = ViewController.swift; sourceTree = "<group>"; };
		EFFADD5F1DB3FEA600621FAB /* Base */ = {isa = PBXFileReference; lastKnownFileType = file.storyboard; name = Base; path = Base.lproj/Main.storyboard; sourceTree = "<group>"; };
		EFFADD611DB3FEA700621FAB /* Assets.xcassets */ = {isa = PBXFileReference; lastKnownFileType = folder.assetcatalog; path = Assets.xcassets; sourceTree = "<group>"; };
		EFFADD641DB3FEA700621FAB /* Base */ = {isa = PBXFileReference; lastKnownFileType = file.storyboard; name = Base; path = Base.lproj/LaunchScreen.storyboard; sourceTree = "<group>"; };
		EFFADD661DB3FEA700621FAB /* Info.plist */ = {isa = PBXFileReference; lastKnownFileType = text.plist.xml; path = Info.plist; sourceTree = "<group>"; };
		EFFADD6C1DB4048500621FAB /* pokemon.csv */ = {isa = PBXFileReference; fileEncoding = 4; lastKnownFileType = text; path = pokemon.csv; sourceTree = "<group>"; };
/* End PBXFileReference section */

/* Begin PBXFrameworksBuildPhase section */
		EFFADD541DB3FEA600621FAB /* Frameworks */ = {
			isa = PBXFrameworksBuildPhase;
			buildActionMask = 2147483647;
			files = (
			);
			runOnlyForDeploymentPostprocessing = 0;
		};
/* End PBXFrameworksBuildPhase section */

/* Begin PBXGroup section */
		EFFADD4E1DB3FEA500621FAB = {
			isa = PBXGroup;
			children = (
				EFFADD591DB3FEA600621FAB /* pokedex3 */,
				EFFADD581DB3FEA600621FAB /* Products */,
			);
			sourceTree = "<group>";
		};
		EFFADD581DB3FEA600621FAB /* Products */ = {
			isa = PBXGroup;
			children = (
				EFFADD571DB3FEA600621FAB /* pokedex3.app */,
			);
			name = Products;
			sourceTree = "<group>";
		};
		EFFADD591DB3FEA600621FAB /* pokedex3 */ = {
			isa = PBXGroup;
			children = (
				EFFADD5A1DB3FEA600621FAB /* AppDelegate.swift */,
				EFFADD5C1DB3FEA600621FAB /* ViewController.swift */,
				EFFADD5E1DB3FEA600621FAB /* Main.storyboard */,
				EFFADD611DB3FEA700621FAB /* Assets.xcassets */,
				EFFADD6C1DB4048500621FAB /* pokemon.csv */,
				EFFADD631DB3FEA700621FAB /* LaunchScreen.storyboard */,
				EFFADD661DB3FEA700621FAB /* Info.plist */,
			);
			path = pokedex3;
			sourceTree = "<group>";
		};
/* End PBXGroup section */

/* Begin PBXNativeTarget section */
		EFFADD561DB3FEA600621FAB /* pokedex3 */ = {
			isa = PBXNativeTarget;
			buildConfigurationList = EFFADD691DB3FEA700621FAB /* Build configuration list for PBXNativeTarget "pokedex3" */;
			buildPhases = (
				EFFADD531DB3FEA600621FAB /* Sources */,
				EFFADD541DB3FEA600621FAB /* Frameworks */,
				EFFADD551DB3FEA600621FAB /* Resources */,
			);
			buildRules = (
			);
			dependencies = (
			);
			name = pokedex3;
			productName = pokedex3;
			productReference = EFFADD571DB3FEA600621FAB /* pokedex3.app */;
			productType = "com.apple.product-type.application";
		};
/* End PBXNativeTarget section */

/* Begin PBXProject section */
		EFFADD4F1DB3FEA500621FAB /* Project object */ = {
			isa = PBXProject;
			attributes = {
				LastSwiftUpdateCheck = 0800;
				LastUpgradeCheck = 0800;
				ORGANIZATIONNAME = DevPrograms;
				TargetAttributes = {
					EFFADD561DB3FEA600621FAB = {
						CreatedOnToolsVersion = 8.0;
						DevelopmentTeam = QDK737W56G;
						ProvisioningStyle = Automatic;
					};
				};
			};
			buildConfigurationList = EFFADD521DB3FEA500621FAB /* Build configuration list for PBXProject "pokedex3" */;
			compatibilityVersion = "Xcode 3.2";
			developmentRegion = English;
			hasScannedForEncodings = 0;
			knownRegions = (
				en,
				Base,
			);
			mainGroup = EFFADD4E1DB3FEA500621FAB;
			productRefGroup = EFFADD581DB3FEA600621FAB /* Products */;
			projectDirPath = "";
			projectRoot = "";
			targets = (
				EFFADD561DB3FEA600621FAB /* pokedex3 */,
			);
		};
/* End PBXProject section */

/* Begin PBXResourcesBuildPhase section */
		EFFADD551DB3FEA600621FAB /* Resources */ = {
			isa = PBXResourcesBuildPhase;
			buildActionMask = 2147483647;
			files = (
				EFFADD651DB3FEA700621FAB /* LaunchScreen.storyboard in Resources */,
				EFFADD621DB3FEA700621FAB /* Assets.xcassets in Resources */,
				EFFADD6D1DB4048500621FAB /* pokemon.csv in Resources */,
				EFFADD601DB3FEA600621FAB /* Main.storyboard in Resources */,
			);
			runOnlyForDeploymentPostprocessing = 0;
		};
/* End PBXResourcesBuildPhase section */

/* Begin PBXSourcesBuildPhase section */
		EFFADD531DB3FEA600621FAB /* Sources */ = {
			isa = PBXSourcesBuildPhase;
			buildActionMask = 2147483647;
			files = (
				EFFADD5D1DB3FEA600621FAB /* ViewController.swift in Sources */,
				EFFADD5B1DB3FEA600621FAB /* AppDelegate.swift in Sources */,
			);
			runOnlyForDeploymentPostprocessing = 0;
		};
/* End PBXSourcesBuildPhase section */

/* Begin PBXVariantGroup section */
		EFFADD5E1DB3FEA600621FAB /* Main.storyboard */ = {
			isa = PBXVariantGroup;
			children = (
				EFFADD5F1DB3FEA600621FAB /* Base */,
			);
			name = Main.storyboard;
			sourceTree = "<group>";
		};
		EFFADD631DB3FEA700621FAB /* LaunchScreen.storyboard */ = {
			isa = PBXVariantGroup;
			children = (
				EFFADD641DB3FEA700621FAB /* Base */,
			);
			name = LaunchScreen.storyboard;
			sourceTree = "<group>";
		};
/* End PBXVariantGroup section */

/* Begin XCBuildConfiguration section */
		EFFADD671DB3FEA700621FAB /* Debug */ = {
			isa = XCBuildConfiguration;
			buildSettings = {
				ALWAYS_SEARCH_USER_PATHS = NO;
				CLANG_ANALYZER_NONNULL = YES;
				CLANG_CXX_LANGUAGE_STANDARD = "gnu++0x";
				CLANG_CXX_LIBRARY = "libc++";
				CLANG_ENABLE_MODULES = YES;
				CLANG_ENABLE_OBJC_ARC = YES;
				CLANG_WARN_BOOL_CONVERSION = YES;
				CLANG_WARN_CONSTANT_CONVERSION = YES;
				CLANG_WARN_DIRECT_OBJC_ISA_USAGE = YES_ERROR;
				CLANG_WARN_DOCUMENTATION_COMMENTS = YES;
				CLANG_WARN_EMPTY_BODY = YES;
				CLANG_WARN_ENUM_CONVERSION = YES;
				CLANG_WARN_INFINITE_RECURSION = YES;
				CLANG_WARN_INT_CONVERSION = YES;
				CLANG_WARN_OBJC_ROOT_CLASS = YES_ERROR;
				CLANG_WARN_SUSPICIOUS_MOVES = YES;
				CLANG_WARN_UNREACHABLE_CODE = YES;
				CLANG_WARN__DUPLICATE_METHOD_MATCH = YES;
				"CODE_SIGN_IDENTITY[sdk=iphoneos*]" = "iPhone Developer";
				COPY_PHASE_STRIP = NO;
				DEBUG_INFORMATION_FORMAT = dwarf;
				ENABLE_STRICT_OBJC_MSGSEND = YES;
				ENABLE_TESTABILITY = YES;
				GCC_C_LANGUAGE_STANDARD = gnu99;
				GCC_DYNAMIC_NO_PIC = NO;
				GCC_NO_COMMON_BLOCKS = YES;
				GCC_OPTIMIZATION_LEVEL = 0;
				GCC_PREPROCESSOR_DEFINITIONS = (
					"DEBUG=1",
					"$(inherited)",
				);
				GCC_WARN_64_TO_32_BIT_CONVERSION = YES;
				GCC_WARN_ABOUT_RETURN_TYPE = YES_ERROR;
				GCC_WARN_UNDECLARED_SELECTOR = YES;
				GCC_WARN_UNINITIALIZED_AUTOS = YES_AGGRESSIVE;
				GCC_WARN_UNUSED_FUNCTION = YES;
				GCC_WARN_UNUSED_VARIABLE = YES;
				IPHONEOS_DEPLOYMENT_TARGET = 10.0;
				MTL_ENABLE_DEBUG_INFO = YES;
				ONLY_ACTIVE_ARCH = YES;
				SDKROOT = iphoneos;
				SWIFT_ACTIVE_COMPILATION_CONDITIONS = DEBUG;
				SWIFT_OPTIMIZATION_LEVEL = "-Onone";
			};
			name = Debug;
		};
		EFFADD681DB3FEA700621FAB /* Release */ = {
			isa = XCBuildConfiguration;
			buildSettings = {
				ALWAYS_SEARCH_USER_PATHS = NO;
				CLANG_ANALYZER_NONNULL = YES;
				CLANG_CXX_LANGUAGE_STANDARD = "gnu++0x";
				CLANG_CXX_LIBRARY = "libc++";
				CLANG_ENABLE_MODULES = YES;
				CLANG_ENABLE_OBJC_ARC = YES;
				CLANG_WARN_BOOL_CONVERSION = YES;
				CLANG_WARN_CONSTANT_CONVERSION = YES;
				CLANG_WARN_DIRECT_OBJC_ISA_USAGE = YES_ERROR;
				CLANG_WARN_DOCUMENTATION_COMMENTS = YES;
				CLANG_WARN_EMPTY_BODY = YES;
				CLANG_WARN_ENUM_CONVERSION = YES;
				CLANG_WARN_INFINITE_RECURSION = YES;
				CLANG_WARN_INT_CONVERSION = YES;
				CLANG_WARN_OBJC_ROOT_CLASS = YES_ERROR;
				CLANG_WARN_SUSPICIOUS_MOVES = YES;
				CLANG_WARN_UNREACHABLE_CODE = YES;
				CLANG_WARN__DUPLICATE_METHOD_MATCH = YES;
				"CODE_SIGN_IDENTITY[sdk=iphoneos*]" = "iPhone Developer";
				COPY_PHASE_STRIP = NO;
				DEBUG_INFORMATION_FORMAT = "dwarf-with-dsym";
				ENABLE_NS_ASSERTIONS = NO;
				ENABLE_STRICT_OBJC_MSGSEND = YES;
				GCC_C_LANGUAGE_STANDARD = gnu99;
				GCC_NO_COMMON_BLOCKS = YES;
				GCC_WARN_64_TO_32_BIT_CONVERSION = YES;
				GCC_WARN_ABOUT_RETURN_TYPE = YES_ERROR;
				GCC_WARN_UNDECLARED_SELECTOR = YES;
				GCC_WARN_UNINITIALIZED_AUTOS = YES_AGGRESSIVE;
				GCC_WARN_UNUSED_FUNCTION = YES;
				GCC_WARN_UNUSED_VARIABLE = YES;
				IPHONEOS_DEPLOYMENT_TARGET = 10.0;
				MTL_ENABLE_DEBUG_INFO = NO;
				SDKROOT = iphoneos;
				SWIFT_OPTIMIZATION_LEVEL = "-Owholemodule";
				VALIDATE_PRODUCT = YES;
			};
			name = Release;
		};
		EFFADD6A1DB3FEA700621FAB /* Debug */ = {
			isa = XCBuildConfiguration;
			buildSettings = {
				ASSETCATALOG_COMPILER_APPICON_NAME = AppIcon;
				DEVELOPMENT_TEAM = QDK737W56G;
				INFOPLIST_FILE = pokedex3/Info.plist;
				LD_RUNPATH_SEARCH_PATHS = "$(inherited) @executable_path/Frameworks";
				PRODUCT_BUNDLE_IDENTIFIER = com.DevPrograms.pokedex3;
				PRODUCT_NAME = "$(TARGET_NAME)";
				SWIFT_VERSION = 3.0;
			};
			name = Debug;
		};
		EFFADD6B1DB3FEA700621FAB /* Release */ = {
			isa = XCBuildConfiguration;
			buildSettings = {
				ASSETCATALOG_COMPILER_APPICON_NAME = AppIcon;
				DEVELOPMENT_TEAM = QDK737W56G;
				INFOPLIST_FILE = pokedex3/Info.plist;
				LD_RUNPATH_SEARCH_PATHS = "$(inherited) @executable_path/Frameworks";
				PRODUCT_BUNDLE_IDENTIFIER = com.DevPrograms.pokedex3;
				PRODUCT_NAME = "$(TARGET_NAME)";
				SWIFT_VERSION = 3.0;
			};
			name = Release;
		};
/* End XCBuildConfiguration section */

/* Begin XCConfigurationList section */
		EFFADD521DB3FEA500621FAB /* Build configuration list for PBXProject "pokedex3" */ = {
			isa = XCConfigurationList;
			buildConfigurations = (
				EFFADD671DB3FEA700621FAB /* Debug */,
				EFFADD681DB3FEA700621FAB /* Release */,
			);
			defaultConfigurationIsVisible = 0;
			defaultConfigurationName = Release;
		};
		EFFADD691DB3FEA700621FAB /* Build configuration list for PBXNativeTarget "pokedex3" */ = {
			isa = XCConfigurationList;
			buildConfigurations = (
				EFFADD6A1DB3FEA700621FAB /* Debug */,
				EFFADD6B1DB3FEA700621FAB /* Release */,
			);
			defaultConfigurationIsVisible = 0;
		};
/* End XCConfigurationList section */
	};
	rootObject = EFFADD4F1DB3FEA500621FAB /* Project object */;
}
